// !$*UTF8*$!
{
	archiveVersion = 1;
	classes = {
	};
	objectVersion = 51;
	objects = {

/* Begin PBXBuildFile section */
		144DED56C3DE716BE865AD1E /* Pods_iOSTemplate.framework in Frameworks */ = {isa = PBXBuildFile; fileRef = 212AD882DDE04997F86F22AD /* Pods_iOSTemplate.framework */; };
		430B5A3623E99E7D00DDDB89 /* Device.swift in Sources */ = {isa = PBXBuildFile; fileRef = 430B5A3523E99E7D00DDDB89 /* Device.swift */; };
		43E9A21A23E92CDC004616CC /* AppDelegate.swift in Sources */ = {isa = PBXBuildFile; fileRef = 43E9A21923E92CDC004616CC /* AppDelegate.swift */; };
		43E9A21C23E92CDC004616CC /* SceneDelegate.swift in Sources */ = {isa = PBXBuildFile; fileRef = 43E9A21B23E92CDC004616CC /* SceneDelegate.swift */; };
		43E9A22323E92CE2004616CC /* Assets.xcassets in Resources */ = {isa = PBXBuildFile; fileRef = 43E9A22223E92CE2004616CC /* Assets.xcassets */; };
		43E9A22623E92CE2004616CC /* LaunchScreen.storyboard in Resources */ = {isa = PBXBuildFile; fileRef = 43E9A22423E92CE2004616CC /* LaunchScreen.storyboard */; };
		43E9A23123E92CE3004616CC /* iOSTemplateTests.swift in Sources */ = {isa = PBXBuildFile; fileRef = 43E9A23023E92CE3004616CC /* iOSTemplateTests.swift */; };
		43E9A23F23E92D44004616CC /* PopUpProtocol.swift in Sources */ = {isa = PBXBuildFile; fileRef = 43E9A23E23E92D44004616CC /* PopUpProtocol.swift */; };
		43E9A24123E92D57004616CC /* BaseVCProtocol.swift in Sources */ = {isa = PBXBuildFile; fileRef = 43E9A24023E92D57004616CC /* BaseVCProtocol.swift */; };
		43E9A24323E92D6D004616CC /* UIColor.swift in Sources */ = {isa = PBXBuildFile; fileRef = 43E9A24223E92D6D004616CC /* UIColor.swift */; };
		43E9A24523E92D80004616CC /* UIButton.swift in Sources */ = {isa = PBXBuildFile; fileRef = 43E9A24423E92D7F004616CC /* UIButton.swift */; };
		43E9A24723E92D93004616CC /* UIViewController.swift in Sources */ = {isa = PBXBuildFile; fileRef = 43E9A24623E92D93004616CC /* UIViewController.swift */; };
		43E9A24923E92DA8004616CC /* String.swift in Sources */ = {isa = PBXBuildFile; fileRef = 43E9A24823E92DA8004616CC /* String.swift */; };
		43E9A24B23E92DC6004616CC /* BaseVC.swift in Sources */ = {isa = PBXBuildFile; fileRef = 43E9A24A23E92DC6004616CC /* BaseVC.swift */; };
		43E9A24D23E92DE3004616CC /* IndicatorView.swift in Sources */ = {isa = PBXBuildFile; fileRef = 43E9A24C23E92DE3004616CC /* IndicatorView.swift */; };
		43E9A24F23E92DF8004616CC /* ColorPalette.swift in Sources */ = {isa = PBXBuildFile; fileRef = 43E9A24E23E92DF8004616CC /* ColorPalette.swift */; };
		43E9A25223E92FEB004616CC /* Localizable.strings in Resources */ = {isa = PBXBuildFile; fileRef = 43E9A25423E92FEB004616CC /* Localizable.strings */; };
		43E9A25723E93007004616CC /* InfoPlist.strings in Resources */ = {isa = PBXBuildFile; fileRef = 43E9A25923E93007004616CC /* InfoPlist.strings */; };
		43E9A26323E93103004616CC /* SplashVC.swift in Sources */ = {isa = PBXBuildFile; fileRef = 43E9A26123E93103004616CC /* SplashVC.swift */; };
		43E9A26423E93103004616CC /* SplashVC.xib in Resources */ = {isa = PBXBuildFile; fileRef = 43E9A26223E93103004616CC /* SplashVC.xib */; };
		43E9A26623E93112004616CC /* SplashActor.swift in Sources */ = {isa = PBXBuildFile; fileRef = 43E9A26523E93112004616CC /* SplashActor.swift */; };
		43E9A26823E9311F004616CC /* SplashDataManager.swift in Sources */ = {isa = PBXBuildFile; fileRef = 43E9A26723E9311F004616CC /* SplashDataManager.swift */; };
		43E9A26A23E9312A004616CC /* SplashDataResponse.swift in Sources */ = {isa = PBXBuildFile; fileRef = 43E9A26923E9312A004616CC /* SplashDataResponse.swift */; };
		43E9A26C23E93134004616CC /* SplashProtocol.swift in Sources */ = {isa = PBXBuildFile; fileRef = 43E9A26B23E93134004616CC /* SplashProtocol.swift */; };
		43E9A26F23E93BC1004616CC /* SplashVC+SetUI.swift in Sources */ = {isa = PBXBuildFile; fileRef = 43E9A26E23E93BC1004616CC /* SplashVC+SetUI.swift */; };
		43E9A27223E93CED004616CC /* SplashTests.swift in Sources */ = {isa = PBXBuildFile; fileRef = 43E9A27123E93CED004616CC /* SplashTests.swift */; };
		43E9A27923E946A9004616CC /* MainProtocol.swift in Sources */ = {isa = PBXBuildFile; fileRef = 43E9A27823E946A9004616CC /* MainProtocol.swift */; };
		43E9A27B23E946E1004616CC /* MainDataManager.swift in Sources */ = {isa = PBXBuildFile; fileRef = 43E9A27A23E946E1004616CC /* MainDataManager.swift */; };
		43E9A27D23E946EA004616CC /* MainDataResponse.swift in Sources */ = {isa = PBXBuildFile; fileRef = 43E9A27C23E946EA004616CC /* MainDataResponse.swift */; };
		43E9A27F23E946F6004616CC /* MainActor.swift in Sources */ = {isa = PBXBuildFile; fileRef = 43E9A27E23E946F6004616CC /* MainActor.swift */; };
		43E9A28223E94704004616CC /* MainVC.swift in Sources */ = {isa = PBXBuildFile; fileRef = 43E9A28023E94704004616CC /* MainVC.swift */; };
		43E9A28323E94704004616CC /* MainVC.xib in Resources */ = {isa = PBXBuildFile; fileRef = 43E9A28123E94704004616CC /* MainVC.xib */; };
		43E9A28723E949D0004616CC /* MainVC+PopUp.swift in Sources */ = {isa = PBXBuildFile; fileRef = 43E9A28623E949D0004616CC /* MainVC+PopUp.swift */; };
		43E9A28B23E94A20004616CC /* BasicPopUp.storyboard in Resources */ = {isa = PBXBuildFile; fileRef = 43E9A28A23E94A20004616CC /* BasicPopUp.storyboard */; };
		43E9A28D23E94A43004616CC /* BasicPopUp.swift in Sources */ = {isa = PBXBuildFile; fileRef = 43E9A28C23E94A43004616CC /* BasicPopUp.swift */; };
		43E9A28F23E94A55004616CC /* BasicPopUpDelegate.swift in Sources */ = {isa = PBXBuildFile; fileRef = 43E9A28E23E94A55004616CC /* BasicPopUpDelegate.swift */; };
		43E9A29223E94DCA004616CC /* MainTests.swift in Sources */ = {isa = PBXBuildFile; fileRef = 43E9A29123E94DCA004616CC /* MainTests.swift */; };
		6CD07EE01A3E84E58EBF0D6C /* Pods_iOSTemplateTests.framework in Frameworks */ = {isa = PBXBuildFile; fileRef = 2DACE222542434BF7E6126CB /* Pods_iOSTemplateTests.framework */; };
/* End PBXBuildFile section */

/* Begin PBXContainerItemProxy section */
		43E9A22D23E92CE3004616CC /* PBXContainerItemProxy */ = {
			isa = PBXContainerItemProxy;
			containerPortal = 43E9A20E23E92CDC004616CC /* Project object */;
			proxyType = 1;
			remoteGlobalIDString = 43E9A21523E92CDC004616CC;
			remoteInfo = iOSTemplate;
		};
/* End PBXContainerItemProxy section */

/* Begin PBXFileReference section */
		212AD882DDE04997F86F22AD /* Pods_iOSTemplate.framework */ = {isa = PBXFileReference; explicitFileType = wrapper.framework; includeInIndex = 0; path = Pods_iOSTemplate.framework; sourceTree = BUILT_PRODUCTS_DIR; };
		2DACE222542434BF7E6126CB /* Pods_iOSTemplateTests.framework */ = {isa = PBXFileReference; explicitFileType = wrapper.framework; includeInIndex = 0; path = Pods_iOSTemplateTests.framework; sourceTree = BUILT_PRODUCTS_DIR; };
		430B5A3523E99E7D00DDDB89 /* Device.swift */ = {isa = PBXFileReference; lastKnownFileType = sourcecode.swift; path = Device.swift; sourceTree = "<group>"; };
		43E9A21623E92CDC004616CC /* iOSTemplate.app */ = {isa = PBXFileReference; explicitFileType = wrapper.application; includeInIndex = 0; path = iOSTemplate.app; sourceTree = BUILT_PRODUCTS_DIR; };
		43E9A21923E92CDC004616CC /* AppDelegate.swift */ = {isa = PBXFileReference; lastKnownFileType = sourcecode.swift; path = AppDelegate.swift; sourceTree = "<group>"; };
		43E9A21B23E92CDC004616CC /* SceneDelegate.swift */ = {isa = PBXFileReference; lastKnownFileType = sourcecode.swift; path = SceneDelegate.swift; sourceTree = "<group>"; };
		43E9A22223E92CE2004616CC /* Assets.xcassets */ = {isa = PBXFileReference; lastKnownFileType = folder.assetcatalog; path = Assets.xcassets; sourceTree = "<group>"; };
		43E9A22523E92CE2004616CC /* Base */ = {isa = PBXFileReference; lastKnownFileType = file.storyboard; name = Base; path = Base.lproj/LaunchScreen.storyboard; sourceTree = "<group>"; };
		43E9A22723E92CE2004616CC /* Info.plist */ = {isa = PBXFileReference; lastKnownFileType = text.plist.xml; path = Info.plist; sourceTree = "<group>"; };
		43E9A22C23E92CE3004616CC /* iOSTemplateTests.xctest */ = {isa = PBXFileReference; explicitFileType = wrapper.cfbundle; includeInIndex = 0; path = iOSTemplateTests.xctest; sourceTree = BUILT_PRODUCTS_DIR; };
		43E9A23023E92CE3004616CC /* iOSTemplateTests.swift */ = {isa = PBXFileReference; lastKnownFileType = sourcecode.swift; path = iOSTemplateTests.swift; sourceTree = "<group>"; };
		43E9A23223E92CE3004616CC /* Info.plist */ = {isa = PBXFileReference; lastKnownFileType = text.plist.xml; path = Info.plist; sourceTree = "<group>"; };
		43E9A23E23E92D44004616CC /* PopUpProtocol.swift */ = {isa = PBXFileReference; lastKnownFileType = sourcecode.swift; path = PopUpProtocol.swift; sourceTree = "<group>"; };
		43E9A24023E92D57004616CC /* BaseVCProtocol.swift */ = {isa = PBXFileReference; lastKnownFileType = sourcecode.swift; path = BaseVCProtocol.swift; sourceTree = "<group>"; };
		43E9A24223E92D6D004616CC /* UIColor.swift */ = {isa = PBXFileReference; lastKnownFileType = sourcecode.swift; path = UIColor.swift; sourceTree = "<group>"; };
		43E9A24423E92D7F004616CC /* UIButton.swift */ = {isa = PBXFileReference; lastKnownFileType = sourcecode.swift; path = UIButton.swift; sourceTree = "<group>"; };
		43E9A24623E92D93004616CC /* UIViewController.swift */ = {isa = PBXFileReference; lastKnownFileType = sourcecode.swift; path = UIViewController.swift; sourceTree = "<group>"; };
		43E9A24823E92DA8004616CC /* String.swift */ = {isa = PBXFileReference; lastKnownFileType = sourcecode.swift; path = String.swift; sourceTree = "<group>"; };
		43E9A24A23E92DC6004616CC /* BaseVC.swift */ = {isa = PBXFileReference; lastKnownFileType = sourcecode.swift; path = BaseVC.swift; sourceTree = "<group>"; };
		43E9A24C23E92DE3004616CC /* IndicatorView.swift */ = {isa = PBXFileReference; lastKnownFileType = sourcecode.swift; path = IndicatorView.swift; sourceTree = "<group>"; };
		43E9A24E23E92DF8004616CC /* ColorPalette.swift */ = {isa = PBXFileReference; lastKnownFileType = sourcecode.swift; path = ColorPalette.swift; sourceTree = "<group>"; };
		43E9A25323E92FEB004616CC /* en */ = {isa = PBXFileReference; lastKnownFileType = text.plist.strings; name = en; path = en.lproj/Localizable.strings; sourceTree = "<group>"; };
		43E9A25823E93007004616CC /* en */ = {isa = PBXFileReference; lastKnownFileType = text.plist.strings; name = en; path = en.lproj/InfoPlist.strings; sourceTree = "<group>"; };
		43E9A25A23E9302D004616CC /* ko */ = {isa = PBXFileReference; lastKnownFileType = text.plist.strings; name = ko; path = ko.lproj/Localizable.strings; sourceTree = "<group>"; };
		43E9A25B23E93031004616CC /* ko */ = {isa = PBXFileReference; lastKnownFileType = text.plist.strings; name = ko; path = ko.lproj/InfoPlist.strings; sourceTree = "<group>"; };
		43E9A26123E93103004616CC /* SplashVC.swift */ = {isa = PBXFileReference; lastKnownFileType = sourcecode.swift; path = SplashVC.swift; sourceTree = "<group>"; };
		43E9A26223E93103004616CC /* SplashVC.xib */ = {isa = PBXFileReference; lastKnownFileType = file.xib; path = SplashVC.xib; sourceTree = "<group>"; };
		43E9A26523E93112004616CC /* SplashActor.swift */ = {isa = PBXFileReference; lastKnownFileType = sourcecode.swift; path = SplashActor.swift; sourceTree = "<group>"; };
		43E9A26723E9311F004616CC /* SplashDataManager.swift */ = {isa = PBXFileReference; lastKnownFileType = sourcecode.swift; path = SplashDataManager.swift; sourceTree = "<group>"; };
		43E9A26923E9312A004616CC /* SplashDataResponse.swift */ = {isa = PBXFileReference; lastKnownFileType = sourcecode.swift; path = SplashDataResponse.swift; sourceTree = "<group>"; };
		43E9A26B23E93134004616CC /* SplashProtocol.swift */ = {isa = PBXFileReference; lastKnownFileType = sourcecode.swift; path = SplashProtocol.swift; sourceTree = "<group>"; };
		43E9A26E23E93BC1004616CC /* SplashVC+SetUI.swift */ = {isa = PBXFileReference; lastKnownFileType = sourcecode.swift; path = "SplashVC+SetUI.swift"; sourceTree = "<group>"; };
		43E9A27123E93CED004616CC /* SplashTests.swift */ = {isa = PBXFileReference; lastKnownFileType = sourcecode.swift; path = SplashTests.swift; sourceTree = "<group>"; };
		43E9A27823E946A9004616CC /* MainProtocol.swift */ = {isa = PBXFileReference; lastKnownFileType = sourcecode.swift; path = MainProtocol.swift; sourceTree = "<group>"; };
		43E9A27A23E946E1004616CC /* MainDataManager.swift */ = {isa = PBXFileReference; lastKnownFileType = sourcecode.swift; path = MainDataManager.swift; sourceTree = "<group>"; };
		43E9A27C23E946EA004616CC /* MainDataResponse.swift */ = {isa = PBXFileReference; lastKnownFileType = sourcecode.swift; path = MainDataResponse.swift; sourceTree = "<group>"; };
		43E9A27E23E946F6004616CC /* MainActor.swift */ = {isa = PBXFileReference; lastKnownFileType = sourcecode.swift; path = MainActor.swift; sourceTree = "<group>"; };
		43E9A28023E94704004616CC /* MainVC.swift */ = {isa = PBXFileReference; lastKnownFileType = sourcecode.swift; path = MainVC.swift; sourceTree = "<group>"; };
		43E9A28123E94704004616CC /* MainVC.xib */ = {isa = PBXFileReference; lastKnownFileType = file.xib; path = MainVC.xib; sourceTree = "<group>"; };
		43E9A28623E949D0004616CC /* MainVC+PopUp.swift */ = {isa = PBXFileReference; lastKnownFileType = sourcecode.swift; path = "MainVC+PopUp.swift"; sourceTree = "<group>"; };
		43E9A28A23E94A20004616CC /* BasicPopUp.storyboard */ = {isa = PBXFileReference; lastKnownFileType = file.storyboard; path = BasicPopUp.storyboard; sourceTree = "<group>"; };
		43E9A28C23E94A43004616CC /* BasicPopUp.swift */ = {isa = PBXFileReference; lastKnownFileType = sourcecode.swift; path = BasicPopUp.swift; sourceTree = "<group>"; };
		43E9A28E23E94A55004616CC /* BasicPopUpDelegate.swift */ = {isa = PBXFileReference; lastKnownFileType = sourcecode.swift; path = BasicPopUpDelegate.swift; sourceTree = "<group>"; };
		43E9A29123E94DCA004616CC /* MainTests.swift */ = {isa = PBXFileReference; lastKnownFileType = sourcecode.swift; path = MainTests.swift; sourceTree = "<group>"; };
		927FF0B8CC122548A0301628 /* Pods-iOSTemplate.release.xcconfig */ = {isa = PBXFileReference; includeInIndex = 1; lastKnownFileType = text.xcconfig; name = "Pods-iOSTemplate.release.xcconfig"; path = "Target Support Files/Pods-iOSTemplate/Pods-iOSTemplate.release.xcconfig"; sourceTree = "<group>"; };
		9DE45425625EB445E9E32ACB /* Pods-iOSTemplate.debug.xcconfig */ = {isa = PBXFileReference; includeInIndex = 1; lastKnownFileType = text.xcconfig; name = "Pods-iOSTemplate.debug.xcconfig"; path = "Target Support Files/Pods-iOSTemplate/Pods-iOSTemplate.debug.xcconfig"; sourceTree = "<group>"; };
		A6C20922366669EBFCC84E6C /* Pods-iOSTemplateTests.release.xcconfig */ = {isa = PBXFileReference; includeInIndex = 1; lastKnownFileType = text.xcconfig; name = "Pods-iOSTemplateTests.release.xcconfig"; path = "Target Support Files/Pods-iOSTemplateTests/Pods-iOSTemplateTests.release.xcconfig"; sourceTree = "<group>"; };
		B6190371CC9F1C3E3CF6EA93 /* Pods-iOSTemplateTests.debug.xcconfig */ = {isa = PBXFileReference; includeInIndex = 1; lastKnownFileType = text.xcconfig; name = "Pods-iOSTemplateTests.debug.xcconfig"; path = "Target Support Files/Pods-iOSTemplateTests/Pods-iOSTemplateTests.debug.xcconfig"; sourceTree = "<group>"; };
/* End PBXFileReference section */

/* Begin PBXFrameworksBuildPhase section */
		43E9A21323E92CDC004616CC /* Frameworks */ = {
			isa = PBXFrameworksBuildPhase;
			buildActionMask = 2147483647;
			files = (
				144DED56C3DE716BE865AD1E /* Pods_iOSTemplate.framework in Frameworks */,
			);
			runOnlyForDeploymentPostprocessing = 0;
		};
		43E9A22923E92CE3004616CC /* Frameworks */ = {
			isa = PBXFrameworksBuildPhase;
			buildActionMask = 2147483647;
			files = (
				6CD07EE01A3E84E58EBF0D6C /* Pods_iOSTemplateTests.framework in Frameworks */,
			);
			runOnlyForDeploymentPostprocessing = 0;
		};
/* End PBXFrameworksBuildPhase section */

/* Begin PBXGroup section */
		430B5A3423E99E6700DDDB89 /* Enum */ = {
			isa = PBXGroup;
			children = (
				430B5A3523E99E7D00DDDB89 /* Device.swift */,
			);
			path = Enum;
			sourceTree = "<group>";
		};
		43E9A20D23E92CDC004616CC = {
			isa = PBXGroup;
			children = (
				43E9A21823E92CDC004616CC /* iOSTemplate */,
				43E9A22F23E92CE3004616CC /* iOSTemplateTests */,
				43E9A21723E92CDC004616CC /* Products */,
				D30B8E0C7FEF41FC285C721E /* Pods */,
				91B4C3DF8ACB5A308F4F97FD /* Frameworks */,
			);
			sourceTree = "<group>";
		};
		43E9A21723E92CDC004616CC /* Products */ = {
			isa = PBXGroup;
			children = (
				43E9A21623E92CDC004616CC /* iOSTemplate.app */,
				43E9A22C23E92CE3004616CC /* iOSTemplateTests.xctest */,
			);
			name = Products;
			sourceTree = "<group>";
		};
		43E9A21823E92CDC004616CC /* iOSTemplate */ = {
			isa = PBXGroup;
			children = (
				43E9A23B23E92D21004616CC /* Config */,
				43E9A25C23E930CC004616CC /* Splash */,
				43E9A27323E94676004616CC /* Main */,
				43E9A21923E92CDC004616CC /* AppDelegate.swift */,
				43E9A21B23E92CDC004616CC /* SceneDelegate.swift */,
				43E9A22223E92CE2004616CC /* Assets.xcassets */,
				43E9A22423E92CE2004616CC /* LaunchScreen.storyboard */,
				43E9A22723E92CE2004616CC /* Info.plist */,
			);
			path = iOSTemplate;
			sourceTree = "<group>";
		};
		43E9A22F23E92CE3004616CC /* iOSTemplateTests */ = {
			isa = PBXGroup;
			children = (
				43E9A29023E94DBD004616CC /* Main */,
				43E9A27023E93CDC004616CC /* Splash */,
				43E9A23023E92CE3004616CC /* iOSTemplateTests.swift */,
				43E9A23223E92CE3004616CC /* Info.plist */,
			);
			path = iOSTemplateTests;
			sourceTree = "<group>";
		};
		43E9A23B23E92D21004616CC /* Config */ = {
			isa = PBXGroup;
			children = (
				430B5A3423E99E6700DDDB89 /* Enum */,
				43E9A23C23E92D2A004616CC /* Protocol */,
				43E9A23D23E92D2F004616CC /* Extension */,
				43E9A24A23E92DC6004616CC /* BaseVC.swift */,
				43E9A24C23E92DE3004616CC /* IndicatorView.swift */,
				43E9A24E23E92DF8004616CC /* ColorPalette.swift */,
				43E9A25423E92FEB004616CC /* Localizable.strings */,
				43E9A25923E93007004616CC /* InfoPlist.strings */,
			);
			path = Config;
			sourceTree = "<group>";
		};
		43E9A23C23E92D2A004616CC /* Protocol */ = {
			isa = PBXGroup;
			children = (
				43E9A23E23E92D44004616CC /* PopUpProtocol.swift */,
				43E9A24023E92D57004616CC /* BaseVCProtocol.swift */,
			);
			path = Protocol;
			sourceTree = "<group>";
		};
		43E9A23D23E92D2F004616CC /* Extension */ = {
			isa = PBXGroup;
			children = (
				43E9A24223E92D6D004616CC /* UIColor.swift */,
				43E9A24423E92D7F004616CC /* UIButton.swift */,
				43E9A24623E92D93004616CC /* UIViewController.swift */,
				43E9A24823E92DA8004616CC /* String.swift */,
			);
			path = Extension;
			sourceTree = "<group>";
		};
		43E9A25C23E930CC004616CC /* Splash */ = {
			isa = PBXGroup;
			children = (
				43E9A26023E930E3004616CC /* View */,
				43E9A25F23E930E1004616CC /* Actor */,
				43E9A25E23E930DF004616CC /* Network */,
				43E9A25D23E930D9004616CC /* Protocol */,
			);
			path = Splash;
			sourceTree = "<group>";
		};
		43E9A25D23E930D9004616CC /* Protocol */ = {
			isa = PBXGroup;
			children = (
				43E9A26B23E93134004616CC /* SplashProtocol.swift */,
			);
			path = Protocol;
			sourceTree = "<group>";
		};
		43E9A25E23E930DF004616CC /* Network */ = {
			isa = PBXGroup;
			children = (
				43E9A26723E9311F004616CC /* SplashDataManager.swift */,
				43E9A26923E9312A004616CC /* SplashDataResponse.swift */,
			);
			path = Network;
			sourceTree = "<group>";
		};
		43E9A25F23E930E1004616CC /* Actor */ = {
			isa = PBXGroup;
			children = (
				43E9A26523E93112004616CC /* SplashActor.swift */,
			);
			path = Actor;
			sourceTree = "<group>";
		};
		43E9A26023E930E3004616CC /* View */ = {
			isa = PBXGroup;
			children = (
				43E9A26D23E93BA9004616CC /* Extension */,
				43E9A26123E93103004616CC /* SplashVC.swift */,
				43E9A26223E93103004616CC /* SplashVC.xib */,
			);
			path = View;
			sourceTree = "<group>";
		};
		43E9A26D23E93BA9004616CC /* Extension */ = {
			isa = PBXGroup;
			children = (
				43E9A26E23E93BC1004616CC /* SplashVC+SetUI.swift */,
			);
			path = Extension;
			sourceTree = "<group>";
		};
		43E9A27023E93CDC004616CC /* Splash */ = {
			isa = PBXGroup;
			children = (
				43E9A27123E93CED004616CC /* SplashTests.swift */,
			);
			path = Splash;
			sourceTree = "<group>";
		};
		43E9A27323E94676004616CC /* Main */ = {
			isa = PBXGroup;
			children = (
				43E9A27723E9468E004616CC /* View */,
				43E9A27623E9468C004616CC /* Actor */,
				43E9A27523E9468A004616CC /* Network */,
				43E9A27423E94687004616CC /* Protocol */,
			);
			path = Main;
			sourceTree = "<group>";
		};
		43E9A27423E94687004616CC /* Protocol */ = {
			isa = PBXGroup;
			children = (
				43E9A27823E946A9004616CC /* MainProtocol.swift */,
			);
			path = Protocol;
			sourceTree = "<group>";
		};
		43E9A27523E9468A004616CC /* Network */ = {
			isa = PBXGroup;
			children = (
				43E9A27A23E946E1004616CC /* MainDataManager.swift */,
				43E9A27C23E946EA004616CC /* MainDataResponse.swift */,
			);
			path = Network;
			sourceTree = "<group>";
		};
		43E9A27623E9468C004616CC /* Actor */ = {
			isa = PBXGroup;
			children = (
				43E9A27E23E946F6004616CC /* MainActor.swift */,
			);
			path = Actor;
			sourceTree = "<group>";
		};
		43E9A27723E9468E004616CC /* View */ = {
			isa = PBXGroup;
			children = (
				43E9A28523E949B6004616CC /* Extension */,
				43E9A28423E949AE004616CC /* PopUp */,
				43E9A28023E94704004616CC /* MainVC.swift */,
				43E9A28123E94704004616CC /* MainVC.xib */,
			);
			path = View;
			sourceTree = "<group>";
		};
		43E9A28423E949AE004616CC /* PopUp */ = {
			isa = PBXGroup;
			children = (
				43E9A28A23E94A20004616CC /* BasicPopUp.storyboard */,
				43E9A28C23E94A43004616CC /* BasicPopUp.swift */,
				43E9A28E23E94A55004616CC /* BasicPopUpDelegate.swift */,
			);
			path = PopUp;
			sourceTree = "<group>";
		};
		43E9A28523E949B6004616CC /* Extension */ = {
			isa = PBXGroup;
			children = (
				43E9A28623E949D0004616CC /* MainVC+PopUp.swift */,
			);
			path = Extension;
			sourceTree = "<group>";
		};
		43E9A29023E94DBD004616CC /* Main */ = {
			isa = PBXGroup;
			children = (
				43E9A29123E94DCA004616CC /* MainTests.swift */,
			);
			path = Main;
			sourceTree = "<group>";
		};
		91B4C3DF8ACB5A308F4F97FD /* Frameworks */ = {
			isa = PBXGroup;
			children = (
				212AD882DDE04997F86F22AD /* Pods_iOSTemplate.framework */,
				2DACE222542434BF7E6126CB /* Pods_iOSTemplateTests.framework */,
			);
			name = Frameworks;
			sourceTree = "<group>";
		};
		D30B8E0C7FEF41FC285C721E /* Pods */ = {
			isa = PBXGroup;
			children = (
				9DE45425625EB445E9E32ACB /* Pods-iOSTemplate.debug.xcconfig */,
				927FF0B8CC122548A0301628 /* Pods-iOSTemplate.release.xcconfig */,
				B6190371CC9F1C3E3CF6EA93 /* Pods-iOSTemplateTests.debug.xcconfig */,
				A6C20922366669EBFCC84E6C /* Pods-iOSTemplateTests.release.xcconfig */,
			);
			path = Pods;
			sourceTree = "<group>";
		};
/* End PBXGroup section */

/* Begin PBXNativeTarget section */
		43E9A21523E92CDC004616CC /* iOSTemplate */ = {
			isa = PBXNativeTarget;
			buildConfigurationList = 43E9A23523E92CE3004616CC /* Build configuration list for PBXNativeTarget "iOSTemplate" */;
			buildPhases = (
				05AC3D6E8A125EA0E34BEAD1 /* [CP] Check Pods Manifest.lock */,
				43E9A21223E92CDC004616CC /* Sources */,
				43E9A21323E92CDC004616CC /* Frameworks */,
				43E9A21423E92CDC004616CC /* Resources */,
				03B405536BF88CEC6C81A352 /* [CP] Embed Pods Frameworks */,
			);
			buildRules = (
			);
			dependencies = (
			);
			name = iOSTemplate;
			productName = iOSTemplate;
			productReference = 43E9A21623E92CDC004616CC /* iOSTemplate.app */;
			productType = "com.apple.product-type.application";
		};
		43E9A22B23E92CE3004616CC /* iOSTemplateTests */ = {
			isa = PBXNativeTarget;
			buildConfigurationList = 43E9A23823E92CE3004616CC /* Build configuration list for PBXNativeTarget "iOSTemplateTests" */;
			buildPhases = (
				67FD9B12B1FD7B6274BF75A6 /* [CP] Check Pods Manifest.lock */,
				43E9A22823E92CE3004616CC /* Sources */,
				43E9A22923E92CE3004616CC /* Frameworks */,
				43E9A22A23E92CE3004616CC /* Resources */,
			);
			buildRules = (
			);
			dependencies = (
				43E9A22E23E92CE3004616CC /* PBXTargetDependency */,
			);
			name = iOSTemplateTests;
			productName = iOSTemplateTests;
			productReference = 43E9A22C23E92CE3004616CC /* iOSTemplateTests.xctest */;
			productType = "com.apple.product-type.bundle.unit-test";
		};
/* End PBXNativeTarget section */

/* Begin PBXProject section */
		43E9A20E23E92CDC004616CC /* Project object */ = {
			isa = PBXProject;
			attributes = {
				LastSwiftUpdateCheck = 1130;
				LastUpgradeCheck = 1130;
				ORGANIZATIONNAME = YoobinJo;
				TargetAttributes = {
					43E9A21523E92CDC004616CC = {
						CreatedOnToolsVersion = 11.3.1;
					};
					43E9A22B23E92CE3004616CC = {
						CreatedOnToolsVersion = 11.3.1;
						TestTargetID = 43E9A21523E92CDC004616CC;
					};
				};
			};
			buildConfigurationList = 43E9A21123E92CDC004616CC /* Build configuration list for PBXProject "iOSTemplate" */;
			compatibilityVersion = "Xcode 9.3";
			developmentRegion = en;
			hasScannedForEncodings = 0;
			knownRegions = (
				en,
				Base,
				ko,
			);
			mainGroup = 43E9A20D23E92CDC004616CC;
			productRefGroup = 43E9A21723E92CDC004616CC /* Products */;
			projectDirPath = "";
			projectRoot = "";
			targets = (
				43E9A21523E92CDC004616CC /* iOSTemplate */,
				43E9A22B23E92CE3004616CC /* iOSTemplateTests */,
			);
		};
/* End PBXProject section */

/* Begin PBXResourcesBuildPhase section */
		43E9A21423E92CDC004616CC /* Resources */ = {
			isa = PBXResourcesBuildPhase;
			buildActionMask = 2147483647;
			files = (
				43E9A22623E92CE2004616CC /* LaunchScreen.storyboard in Resources */,
				43E9A25723E93007004616CC /* InfoPlist.strings in Resources */,
				43E9A26423E93103004616CC /* SplashVC.xib in Resources */,
				43E9A28323E94704004616CC /* MainVC.xib in Resources */,
				43E9A28B23E94A20004616CC /* BasicPopUp.storyboard in Resources */,
				43E9A25223E92FEB004616CC /* Localizable.strings in Resources */,
				43E9A22323E92CE2004616CC /* Assets.xcassets in Resources */,
			);
			runOnlyForDeploymentPostprocessing = 0;
		};
		43E9A22A23E92CE3004616CC /* Resources */ = {
			isa = PBXResourcesBuildPhase;
			buildActionMask = 2147483647;
			files = (
			);
			runOnlyForDeploymentPostprocessing = 0;
		};
/* End PBXResourcesBuildPhase section */

/* Begin PBXShellScriptBuildPhase section */
		03B405536BF88CEC6C81A352 /* [CP] Embed Pods Frameworks */ = {
			isa = PBXShellScriptBuildPhase;
			buildActionMask = 2147483647;
			files = (
			);
			inputFileListPaths = (
				"${PODS_ROOT}/Target Support Files/Pods-iOSTemplate/Pods-iOSTemplate-frameworks-${CONFIGURATION}-input-files.xcfilelist",
			);
			name = "[CP] Embed Pods Frameworks";
			outputFileListPaths = (
				"${PODS_ROOT}/Target Support Files/Pods-iOSTemplate/Pods-iOSTemplate-frameworks-${CONFIGURATION}-output-files.xcfilelist",
			);
			runOnlyForDeploymentPostprocessing = 0;
			shellPath = /bin/sh;
			shellScript = "\"${PODS_ROOT}/Target Support Files/Pods-iOSTemplate/Pods-iOSTemplate-frameworks.sh\"\n";
			showEnvVarsInLog = 0;
		};
		05AC3D6E8A125EA0E34BEAD1 /* [CP] Check Pods Manifest.lock */ = {
			isa = PBXShellScriptBuildPhase;
			buildActionMask = 2147483647;
			files = (
			);
			inputFileListPaths = (
			);
			inputPaths = (
				"${PODS_PODFILE_DIR_PATH}/Podfile.lock",
				"${PODS_ROOT}/Manifest.lock",
			);
			name = "[CP] Check Pods Manifest.lock";
			outputFileListPaths = (
			);
			outputPaths = (
				"$(DERIVED_FILE_DIR)/Pods-iOSTemplate-checkManifestLockResult.txt",
			);
			runOnlyForDeploymentPostprocessing = 0;
			shellPath = /bin/sh;
			shellScript = "diff \"${PODS_PODFILE_DIR_PATH}/Podfile.lock\" \"${PODS_ROOT}/Manifest.lock\" > /dev/null\nif [ $? != 0 ] ; then\n    # print error to STDERR\n    echo \"error: The sandbox is not in sync with the Podfile.lock. Run 'pod install' or update your CocoaPods installation.\" >&2\n    exit 1\nfi\n# This output is used by Xcode 'outputs' to avoid re-running this script phase.\necho \"SUCCESS\" > \"${SCRIPT_OUTPUT_FILE_0}\"\n";
			showEnvVarsInLog = 0;
		};
		67FD9B12B1FD7B6274BF75A6 /* [CP] Check Pods Manifest.lock */ = {
			isa = PBXShellScriptBuildPhase;
			buildActionMask = 2147483647;
			files = (
			);
			inputFileListPaths = (
			);
			inputPaths = (
				"${PODS_PODFILE_DIR_PATH}/Podfile.lock",
				"${PODS_ROOT}/Manifest.lock",
			);
			name = "[CP] Check Pods Manifest.lock";
			outputFileListPaths = (
			);
			outputPaths = (
				"$(DERIVED_FILE_DIR)/Pods-iOSTemplateTests-checkManifestLockResult.txt",
			);
			runOnlyForDeploymentPostprocessing = 0;
			shellPath = /bin/sh;
			shellScript = "diff \"${PODS_PODFILE_DIR_PATH}/Podfile.lock\" \"${PODS_ROOT}/Manifest.lock\" > /dev/null\nif [ $? != 0 ] ; then\n    # print error to STDERR\n    echo \"error: The sandbox is not in sync with the Podfile.lock. Run 'pod install' or update your CocoaPods installation.\" >&2\n    exit 1\nfi\n# This output is used by Xcode 'outputs' to avoid re-running this script phase.\necho \"SUCCESS\" > \"${SCRIPT_OUTPUT_FILE_0}\"\n";
			showEnvVarsInLog = 0;
		};
/* End PBXShellScriptBuildPhase section */

/* Begin PBXSourcesBuildPhase section */
		43E9A21223E92CDC004616CC /* Sources */ = {
			isa = PBXSourcesBuildPhase;
			buildActionMask = 2147483647;
			files = (
				43E9A24723E92D93004616CC /* UIViewController.swift in Sources */,
				43E9A23F23E92D44004616CC /* PopUpProtocol.swift in Sources */,
				43E9A27923E946A9004616CC /* MainProtocol.swift in Sources */,
				43E9A27D23E946EA004616CC /* MainDataResponse.swift in Sources */,
				43E9A28F23E94A55004616CC /* BasicPopUpDelegate.swift in Sources */,
				43E9A24123E92D57004616CC /* BaseVCProtocol.swift in Sources */,
				43E9A21A23E92CDC004616CC /* AppDelegate.swift in Sources */,
				43E9A24D23E92DE3004616CC /* IndicatorView.swift in Sources */,
				43E9A26F23E93BC1004616CC /* SplashVC+SetUI.swift in Sources */,
				43E9A26323E93103004616CC /* SplashVC.swift in Sources */,
				43E9A27F23E946F6004616CC /* MainActor.swift in Sources */,
				43E9A24B23E92DC6004616CC /* BaseVC.swift in Sources */,
				43E9A21C23E92CDC004616CC /* SceneDelegate.swift in Sources */,
				430B5A3623E99E7D00DDDB89 /* Device.swift in Sources */,
				43E9A24323E92D6D004616CC /* UIColor.swift in Sources */,
				43E9A24923E92DA8004616CC /* String.swift in Sources */,
				43E9A26823E9311F004616CC /* SplashDataManager.swift in Sources */,
				43E9A28723E949D0004616CC /* MainVC+PopUp.swift in Sources */,
				43E9A28223E94704004616CC /* MainVC.swift in Sources */,
				43E9A28D23E94A43004616CC /* BasicPopUp.swift in Sources */,
				43E9A27B23E946E1004616CC /* MainDataManager.swift in Sources */,
				43E9A26623E93112004616CC /* SplashActor.swift in Sources */,
				43E9A26C23E93134004616CC /* SplashProtocol.swift in Sources */,
				43E9A24523E92D80004616CC /* UIButton.swift in Sources */,
				43E9A24F23E92DF8004616CC /* ColorPalette.swift in Sources */,
				43E9A26A23E9312A004616CC /* SplashDataResponse.swift in Sources */,
			);
			runOnlyForDeploymentPostprocessing = 0;
		};
		43E9A22823E92CE3004616CC /* Sources */ = {
			isa = PBXSourcesBuildPhase;
			buildActionMask = 2147483647;
			files = (
				43E9A27223E93CED004616CC /* SplashTests.swift in Sources */,
				43E9A29223E94DCA004616CC /* MainTests.swift in Sources */,
				43E9A23123E92CE3004616CC /* iOSTemplateTests.swift in Sources */,
			);
			runOnlyForDeploymentPostprocessing = 0;
		};
/* End PBXSourcesBuildPhase section */

/* Begin PBXTargetDependency section */
		43E9A22E23E92CE3004616CC /* PBXTargetDependency */ = {
			isa = PBXTargetDependency;
			target = 43E9A21523E92CDC004616CC /* iOSTemplate */;
			targetProxy = 43E9A22D23E92CE3004616CC /* PBXContainerItemProxy */;
		};
/* End PBXTargetDependency section */

/* Begin PBXVariantGroup section */
		43E9A22423E92CE2004616CC /* LaunchScreen.storyboard */ = {
			isa = PBXVariantGroup;
			children = (
				43E9A22523E92CE2004616CC /* Base */,
			);
			name = LaunchScreen.storyboard;
			sourceTree = "<group>";
		};
		43E9A25423E92FEB004616CC /* Localizable.strings */ = {
			isa = PBXVariantGroup;
			children = (
				43E9A25323E92FEB004616CC /* en */,
				43E9A25A23E9302D004616CC /* ko */,
			);
			name = Localizable.strings;
			sourceTree = "<group>";
		};
		43E9A25923E93007004616CC /* InfoPlist.strings */ = {
			isa = PBXVariantGroup;
			children = (
				43E9A25823E93007004616CC /* en */,
				43E9A25B23E93031004616CC /* ko */,
			);
			name = InfoPlist.strings;
			sourceTree = "<group>";
		};
/* End PBXVariantGroup section */

/* Begin XCBuildConfiguration section */
		43E9A23323E92CE3004616CC /* Debug */ = {
			isa = XCBuildConfiguration;
			buildSettings = {
				ALWAYS_SEARCH_USER_PATHS = NO;
				CLANG_ANALYZER_LOCALIZABILITY_NONLOCALIZED = YES;
				CLANG_ANALYZER_NONNULL = YES;
				CLANG_ANALYZER_NUMBER_OBJECT_CONVERSION = YES_AGGRESSIVE;
				CLANG_CXX_LANGUAGE_STANDARD = "gnu++14";
				CLANG_CXX_LIBRARY = "libc++";
				CLANG_ENABLE_MODULES = YES;
				CLANG_ENABLE_OBJC_ARC = YES;
				CLANG_ENABLE_OBJC_WEAK = YES;
				CLANG_WARN_BLOCK_CAPTURE_AUTORELEASING = YES;
				CLANG_WARN_BOOL_CONVERSION = YES;
				CLANG_WARN_COMMA = YES;
				CLANG_WARN_CONSTANT_CONVERSION = YES;
				CLANG_WARN_DEPRECATED_OBJC_IMPLEMENTATIONS = YES;
				CLANG_WARN_DIRECT_OBJC_ISA_USAGE = YES_ERROR;
				CLANG_WARN_DOCUMENTATION_COMMENTS = YES;
				CLANG_WARN_EMPTY_BODY = YES;
				CLANG_WARN_ENUM_CONVERSION = YES;
				CLANG_WARN_INFINITE_RECURSION = YES;
				CLANG_WARN_INT_CONVERSION = YES;
				CLANG_WARN_NON_LITERAL_NULL_CONVERSION = YES;
				CLANG_WARN_OBJC_IMPLICIT_RETAIN_SELF = YES;
				CLANG_WARN_OBJC_LITERAL_CONVERSION = YES;
				CLANG_WARN_OBJC_ROOT_CLASS = YES_ERROR;
				CLANG_WARN_RANGE_LOOP_ANALYSIS = YES;
				CLANG_WARN_STRICT_PROTOTYPES = YES;
				CLANG_WARN_SUSPICIOUS_MOVE = YES;
				CLANG_WARN_UNGUARDED_AVAILABILITY = YES_AGGRESSIVE;
				CLANG_WARN_UNREACHABLE_CODE = YES;
				CLANG_WARN__DUPLICATE_METHOD_MATCH = YES;
				COPY_PHASE_STRIP = NO;
				DEBUG_INFORMATION_FORMAT = dwarf;
				ENABLE_STRICT_OBJC_MSGSEND = YES;
				ENABLE_TESTABILITY = YES;
				GCC_C_LANGUAGE_STANDARD = gnu11;
				GCC_DYNAMIC_NO_PIC = NO;
				GCC_NO_COMMON_BLOCKS = YES;
				GCC_OPTIMIZATION_LEVEL = 0;
				GCC_PREPROCESSOR_DEFINITIONS = (
					"DEBUG=1",
					"$(inherited)",
				);
				GCC_WARN_64_TO_32_BIT_CONVERSION = YES;
				GCC_WARN_ABOUT_RETURN_TYPE = YES_ERROR;
				GCC_WARN_UNDECLARED_SELECTOR = YES;
				GCC_WARN_UNINITIALIZED_AUTOS = YES_AGGRESSIVE;
				GCC_WARN_UNUSED_FUNCTION = YES;
				GCC_WARN_UNUSED_VARIABLE = YES;
				IPHONEOS_DEPLOYMENT_TARGET = 13.2;
				MTL_ENABLE_DEBUG_INFO = INCLUDE_SOURCE;
				MTL_FAST_MATH = YES;
				ONLY_ACTIVE_ARCH = YES;
				SDKROOT = iphoneos;
				SWIFT_ACTIVE_COMPILATION_CONDITIONS = DEBUG;
				SWIFT_OPTIMIZATION_LEVEL = "-Onone";
			};
			name = Debug;
		};
		43E9A23423E92CE3004616CC /* Release */ = {
			isa = XCBuildConfiguration;
			buildSettings = {
				ALWAYS_SEARCH_USER_PATHS = NO;
				CLANG_ANALYZER_LOCALIZABILITY_NONLOCALIZED = YES;
				CLANG_ANALYZER_NONNULL = YES;
				CLANG_ANALYZER_NUMBER_OBJECT_CONVERSION = YES_AGGRESSIVE;
				CLANG_CXX_LANGUAGE_STANDARD = "gnu++14";
				CLANG_CXX_LIBRARY = "libc++";
				CLANG_ENABLE_MODULES = YES;
				CLANG_ENABLE_OBJC_ARC = YES;
				CLANG_ENABLE_OBJC_WEAK = YES;
				CLANG_WARN_BLOCK_CAPTURE_AUTORELEASING = YES;
				CLANG_WARN_BOOL_CONVERSION = YES;
				CLANG_WARN_COMMA = YES;
				CLANG_WARN_CONSTANT_CONVERSION = YES;
				CLANG_WARN_DEPRECATED_OBJC_IMPLEMENTATIONS = YES;
				CLANG_WARN_DIRECT_OBJC_ISA_USAGE = YES_ERROR;
				CLANG_WARN_DOCUMENTATION_COMMENTS = YES;
				CLANG_WARN_EMPTY_BODY = YES;
				CLANG_WARN_ENUM_CONVERSION = YES;
				CLANG_WARN_INFINITE_RECURSION = YES;
				CLANG_WARN_INT_CONVERSION = YES;
				CLANG_WARN_NON_LITERAL_NULL_CONVERSION = YES;
				CLANG_WARN_OBJC_IMPLICIT_RETAIN_SELF = YES;
				CLANG_WARN_OBJC_LITERAL_CONVERSION = YES;
				CLANG_WARN_OBJC_ROOT_CLASS = YES_ERROR;
				CLANG_WARN_RANGE_LOOP_ANALYSIS = YES;
				CLANG_WARN_STRICT_PROTOTYPES = YES;
				CLANG_WARN_SUSPICIOUS_MOVE = YES;
				CLANG_WARN_UNGUARDED_AVAILABILITY = YES_AGGRESSIVE;
				CLANG_WARN_UNREACHABLE_CODE = YES;
				CLANG_WARN__DUPLICATE_METHOD_MATCH = YES;
				COPY_PHASE_STRIP = NO;
				DEBUG_INFORMATION_FORMAT = "dwarf-with-dsym";
				ENABLE_NS_ASSERTIONS = NO;
				ENABLE_STRICT_OBJC_MSGSEND = YES;
				GCC_C_LANGUAGE_STANDARD = gnu11;
				GCC_NO_COMMON_BLOCKS = YES;
				GCC_WARN_64_TO_32_BIT_CONVERSION = YES;
				GCC_WARN_ABOUT_RETURN_TYPE = YES_ERROR;
				GCC_WARN_UNDECLARED_SELECTOR = YES;
				GCC_WARN_UNINITIALIZED_AUTOS = YES_AGGRESSIVE;
				GCC_WARN_UNUSED_FUNCTION = YES;
				GCC_WARN_UNUSED_VARIABLE = YES;
				IPHONEOS_DEPLOYMENT_TARGET = 13.2;
				MTL_ENABLE_DEBUG_INFO = NO;
				MTL_FAST_MATH = YES;
				SDKROOT = iphoneos;
				SWIFT_COMPILATION_MODE = wholemodule;
				SWIFT_OPTIMIZATION_LEVEL = "-O";
				VALIDATE_PRODUCT = YES;
			};
			name = Release;
		};
		43E9A23623E92CE3004616CC /* Debug */ = {
			isa = XCBuildConfiguration;
			baseConfigurationReference = 9DE45425625EB445E9E32ACB /* Pods-iOSTemplate.debug.xcconfig */;
			buildSettings = {
				ASSETCATALOG_COMPILER_APPICON_NAME = AppIcon;
				CODE_SIGN_STYLE = Automatic;
				DEVELOPMENT_TEAM = 6M94RM5DH9;
				INFOPLIST_FILE = iOSTemplate/Info.plist;
				IPHONEOS_DEPLOYMENT_TARGET = 12.0;
				LD_RUNPATH_SEARCH_PATHS = (
					"$(inherited)",
					"@executable_path/Frameworks",
				);
				PRODUCT_BUNDLE_IDENTIFIER = com.rubin.iOSTemplate;
				PRODUCT_NAME = "$(TARGET_NAME)";
				SWIFT_VERSION = 5.0;
				TARGETED_DEVICE_FAMILY = "1,2";
			};
			name = Debug;
		};
		43E9A23723E92CE3004616CC /* Release */ = {
			isa = XCBuildConfiguration;
			baseConfigurationReference = 927FF0B8CC122548A0301628 /* Pods-iOSTemplate.release.xcconfig */;
			buildSettings = {
				ASSETCATALOG_COMPILER_APPICON_NAME = AppIcon;
				CODE_SIGN_STYLE = Automatic;
				DEVELOPMENT_TEAM = 6M94RM5DH9;
				INFOPLIST_FILE = iOSTemplate/Info.plist;
				IPHONEOS_DEPLOYMENT_TARGET = 12.0;
				LD_RUNPATH_SEARCH_PATHS = (
					"$(inherited)",
					"@executable_path/Frameworks",
				);
				PRODUCT_BUNDLE_IDENTIFIER = com.rubin.iOSTemplate;
				PRODUCT_NAME = "$(TARGET_NAME)";
				SWIFT_VERSION = 5.0;
				TARGETED_DEVICE_FAMILY = "1,2";
			};
			name = Release;
		};
		43E9A23923E92CE3004616CC /* Debug */ = {
			isa = XCBuildConfiguration;
			baseConfigurationReference = B6190371CC9F1C3E3CF6EA93 /* Pods-iOSTemplateTests.debug.xcconfig */;
			buildSettings = {
				ALWAYS_EMBED_SWIFT_STANDARD_LIBRARIES = YES;
				BUNDLE_LOADER = "$(TEST_HOST)";
				CODE_SIGN_STYLE = Automatic;
				DEVELOPMENT_TEAM = 6M94RM5DH9;
				INFOPLIST_FILE = iOSTemplateTests/Info.plist;
				IPHONEOS_DEPLOYMENT_TARGET = 13.2;
				LD_RUNPATH_SEARCH_PATHS = (
					"$(inherited)",
					"@executable_path/Frameworks",
					"@loader_path/Frameworks",
				);
				PRODUCT_BUNDLE_IDENTIFIER = com.rubin.iOSTemplateTests;
				PRODUCT_NAME = "$(TARGET_NAME)";
				SWIFT_VERSION = 5.0;
				TARGETED_DEVICE_FAMILY = "1,2";
				TEST_HOST = "$(BUILT_PRODUCTS_DIR)/iOSTemplate.app/iOSTemplate";
			};
			name = Debug;
		};
		43E9A23A23E92CE3004616CC /* Release */ = {
			isa = XCBuildConfiguration;
			baseConfigurationReference = A6C20922366669EBFCC84E6C /* Pods-iOSTemplateTests.release.xcconfig */;
			buildSettings = {
				ALWAYS_EMBED_SWIFT_STANDARD_LIBRARIES = YES;
				BUNDLE_LOADER = "$(TEST_HOST)";
				CODE_SIGN_STYLE = Automatic;
				DEVELOPMENT_TEAM = 6M94RM5DH9;
				INFOPLIST_FILE = iOSTemplateTests/Info.plist;
				IPHONEOS_DEPLOYMENT_TARGET = 13.2;
				LD_RUNPATH_SEARCH_PATHS = (
					"$(inherited)",
					"@executable_path/Frameworks",
					"@loader_path/Frameworks",
				);
				PRODUCT_BUNDLE_IDENTIFIER = com.rubin.iOSTemplateTests;
				PRODUCT_NAME = "$(TARGET_NAME)";
				SWIFT_VERSION = 5.0;
				TARGETED_DEVICE_FAMILY = "1,2";
				TEST_HOST = "$(BUILT_PRODUCTS_DIR)/iOSTemplate.app/iOSTemplate";
			};
			name = Release;
		};
/* End XCBuildConfiguration section */

/* Begin XCConfigurationList section */
		43E9A21123E92CDC004616CC /* Build configuration list for PBXProject "iOSTemplate" */ = {
			isa = XCConfigurationList;
			buildConfigurations = (
				43E9A23323E92CE3004616CC /* Debug */,
				43E9A23423E92CE3004616CC /* Release */,
			);
			defaultConfigurationIsVisible = 0;
			defaultConfigurationName = Release;
		};
		43E9A23523E92CE3004616CC /* Build configuration list for PBXNativeTarget "iOSTemplate" */ = {
			isa = XCConfigurationList;
			buildConfigurations = (
				43E9A23623E92CE3004616CC /* Debug */,
				43E9A23723E92CE3004616CC /* Release */,
			);
			defaultConfigurationIsVisible = 0;
			defaultConfigurationName = Release;
		};
		43E9A23823E92CE3004616CC /* Build configuration list for PBXNativeTarget "iOSTemplateTests" */ = {
			isa = XCConfigurationList;
			buildConfigurations = (
				43E9A23923E92CE3004616CC /* Debug */,
				43E9A23A23E92CE3004616CC /* Release */,
			);
			defaultConfigurationIsVisible = 0;
			defaultConfigurationName = Release;
		};
/* End XCConfigurationList section */
	};
	rootObject = 43E9A20E23E92CDC004616CC /* Project object */;
}
